
Microsoft Visual Studio Solution File, Format Version 12.00
# Visual Studio Version 16
VisualStudioVersion = 16.0.29306.81
MinimumVisualStudioVersion = 10.0.40219.1
Project("{9A19103F-16F7-4668-BE54-9A1E7A4F7556}") = "VegaIT.PremestiSE", "VegaIT.PremestiSE\VegaIT.PremestiSE.csproj", "{757A1026-620F-45D2-A5B0-9EA7178ECB7C}"
EndProject
Project("{9A19103F-16F7-4668-BE54-9A1E7A4F7556}") = "Persistence", "Persistence\Persistence.csproj", "{F466E6F0-CD3D-41F2-B158-4EB919DA58D4}"
EndProject
Project("{9A19103F-16F7-4668-BE54-9A1E7A4F7556}") = "Persistence.Interfaces", "Persistence.Interfaces\Persistence.Interfaces.csproj", "{0A89C5A3-566B-432C-A822-FF1307C09699}"
EndProject
Project("{9A19103F-16F7-4668-BE54-9A1E7A4F7556}") = "Core.Interfaces", "Core.Interfaces\Core.Interfaces.csproj", "{D7E7368E-C157-4BEE-838A-1E9B316DD3EF}"
EndProject
Project("{9A19103F-16F7-4668-BE54-9A1E7A4F7556}") = "Core", "Core\Core.csproj", "{72195C9E-3771-431E-9100-E023C3FE7896}"
EndProject
Project("{9A19103F-16F7-4668-BE54-9A1E7A4F7556}") = "Util", "Util\Util.csproj", "{C7B7AFBF-B152-41B0-8B1E-8806155E2D32}"
EndProject
Project("{9A19103F-16F7-4668-BE54-9A1E7A4F7556}") = "UnitTest", "UnitTest\UnitTest.csproj", "{7153EF58-093B-4229-8EFA-6A9A9E02F149}"
EndProject
Project("{9A19103F-16F7-4668-BE54-9A1E7A4F7556}") = "IntegrationTest", "IntegrationTest\IntegrationTest.csproj", "{572FB15F-39A7-4A0A-B6E3-797A0C0E11E9}"
EndProject
Global
	GlobalSection(SolutionConfigurationPlatforms) = preSolution
		Debug|Any CPU = Debug|Any CPU
		Release|Any CPU = Release|Any CPU
	EndGlobalSection
	GlobalSection(ProjectConfigurationPlatforms) = postSolution
		{757A1026-620F-45D2-A5B0-9EA7178ECB7C}.Debug|Any CPU.ActiveCfg = Release|Any CPU
		{757A1026-620F-45D2-A5B0-9EA7178ECB7C}.Debug|Any CPU.Build.0 = Release|Any CPU
		{757A1026-620F-45D2-A5B0-9EA7178ECB7C}.Release|Any CPU.ActiveCfg = Release|Any CPU
		{757A1026-620F-45D2-A5B0-9EA7178ECB7C}.Release|Any CPU.Build.0 = Release|Any CPU
		{F466E6F0-CD3D-41F2-B158-4EB919DA58D4}.Debug|Any CPU.ActiveCfg = Debug|Any CPU
		{F466E6F0-CD3D-41F2-B158-4EB919DA58D4}.Debug|Any CPU.Build.0 = Debug|Any CPU
		{F466E6F0-CD3D-41F2-B158-4EB919DA58D4}.Release|Any CPU.ActiveCfg = Release|Any CPU
		{F466E6F0-CD3D-41F2-B158-4EB919DA58D4}.Release|Any CPU.Build.0 = Release|Any CPU
		{0A89C5A3-566B-432C-A822-FF1307C09699}.Debug|Any CPU.ActiveCfg = Debug|Any CPU
		{0A89C5A3-566B-432C-A822-FF1307C09699}.Debug|Any CPU.Build.0 = Debug|Any CPU
		{0A89C5A3-566B-432C-A822-FF1307C09699}.Release|Any CPU.ActiveCfg = Release|Any CPU
		{0A89C5A3-566B-432C-A822-FF1307C09699}.Release|Any CPU.Build.0 = Release|Any CPU
		{D7E7368E-C157-4BEE-838A-1E9B316DD3EF}.Debug|Any CPU.ActiveCfg = Debug|Any CPU
		{D7E7368E-C157-4BEE-838A-1E9B316DD3EF}.Debug|Any CPU.Build.0 = Debug|Any CPU
		{D7E7368E-C157-4BEE-838A-1E9B316DD3EF}.Release|Any CPU.ActiveCfg = Release|Any CPU
		{D7E7368E-C157-4BEE-838A-1E9B316DD3EF}.Release|Any CPU.Build.0 = Release|Any CPU
		{72195C9E-3771-431E-9100-E023C3FE7896}.Debug|Any CPU.ActiveCfg = Debug|Any CPU
		{72195C9E-3771-431E-9100-E023C3FE7896}.Debug|Any CPU.Build.0 = Debug|Any CPU
		{72195C9E-3771-431E-9100-E023C3FE7896}.Release|Any CPU.ActiveCfg = Release|Any CPU
		{72195C9E-3771-431E-9100-E023C3FE7896}.Release|Any CPU.Build.0 = Release|Any CPU
		{C7B7AFBF-B152-41B0-8B1E-8806155E2D32}.Debug|Any CPU.ActiveCfg = Debug|Any CPU
		{C7B7AFBF-B152-41B0-8B1E-8806155E2D32}.Debug|Any CPU.Build.0 = Debug|Any CPU
		{C7B7AFBF-B152-41B0-8B1E-8806155E2D32}.Release|Any CPU.ActiveCfg = Release|Any CPU
		{C7B7AFBF-B152-41B0-8B1E-8806155E2D32}.Release|Any CPU.Build.0 = Release|Any CPU
		{7153EF58-093B-4229-8EFA-6A9A9E02F149}.Debug|Any CPU.ActiveCfg = Debug|Any CPU
		{7153EF58-093B-4229-8EFA-6A9A9E02F149}.Debug|Any CPU.Build.0 = Debug|Any CPU
		{7153EF58-093B-4229-8EFA-6A9A9E02F149}.Release|Any CPU.ActiveCfg = Release|Any CPU
		{7153EF58-093B-4229-8EFA-6A9A9E02F149}.Release|Any CPU.Build.0 = Release|Any CPU
		{572FB15F-39A7-4A0A-B6E3-797A0C0E11E9}.Debug|Any CPU.ActiveCfg = Debug|Any CPU
		{572FB15F-39A7-4A0A-B6E3-797A0C0E11E9}.Debug|Any CPU.Build.0 = Debug|Any CPU
		{572FB15F-39A7-4A0A-B6E3-797A0C0E11E9}.Release|Any CPU.ActiveCfg = Release|Any CPU
		{572FB15F-39A7-4A0A-B6E3-797A0C0E11E9}.Release|Any CPU.Build.0 = Release|Any CPU
	EndGlobalSection
	GlobalSection(SolutionProperties) = preSolution
		HideSolutionNode = FALSE
	EndGlobalSection
	GlobalSection(ExtensibilityGlobals) = postSolution
		SolutionGuid = {0948918C-C22E-4FC5-BB28-36BF794CC23A}
	EndGlobalSection
EndGlobal
