
Microsoft Visual Studio Solution File, Format Version 12.00
# Visual Studio 15
VisualStudioVersion = 15.0.27703.1
MinimumVisualStudioVersion = 10.0.40219.1
Project("{9A19103F-16F7-4668-BE54-9A1E7A4F7556}") = "VegaIT.PremestiSE", "VegaIT.PremestiSE\VegaIT.PremestiSE.csproj", "{757A1026-620F-45D2-A5B0-9EA7178ECB7C}"
EndProject
Project("{9A19103F-16F7-4668-BE54-9A1E7A4F7556}") = "DataAccessLayer", "DAL\DataAccessLayer.csproj", "{F466E6F0-CD3D-41F2-B158-4EB919DA58D4}"
EndProject
Project("{9A19103F-16F7-4668-BE54-9A1E7A4F7556}") = "BusinessLogicLayer", "BLL\BusinessLogicLayer.csproj", "{5E4EDE76-3A26-4F89-978C-6E3A7B970145}"
EndProject
Project("{FAE04EC0-301F-11D3-BF4B-00C04F79EFBC}") = "BusinessLogicLayer.Contracts", "BusinessLogicLayer.Contracts\BusinessLogicLayer.Contracts.csproj", "{6AF8406B-5E6A-4AC3-BFD2-0B9C34AD0CB1}"
EndProject
Project("{FAE04EC0-301F-11D3-BF4B-00C04F79EFBC}") = "DataAccessLayer.Contracts", "DataAccessLayer.Contracts\DataAccessLayer.Contracts.csproj", "{0A89C5A3-566B-432C-A822-FF1307C09699}"
EndProject
Global
	GlobalSection(SolutionConfigurationPlatforms) = preSolution
		Debug|Any CPU = Debug|Any CPU
		Release|Any CPU = Release|Any CPU
	EndGlobalSection
	GlobalSection(ProjectConfigurationPlatforms) = postSolution
		{757A1026-620F-45D2-A5B0-9EA7178ECB7C}.Debug|Any CPU.ActiveCfg = Debug|Any CPU
		{757A1026-620F-45D2-A5B0-9EA7178ECB7C}.Debug|Any CPU.Build.0 = Debug|Any CPU
		{757A1026-620F-45D2-A5B0-9EA7178ECB7C}.Release|Any CPU.ActiveCfg = Release|Any CPU
		{757A1026-620F-45D2-A5B0-9EA7178ECB7C}.Release|Any CPU.Build.0 = Release|Any CPU
		{F466E6F0-CD3D-41F2-B158-4EB919DA58D4}.Debug|Any CPU.ActiveCfg = Debug|Any CPU
		{F466E6F0-CD3D-41F2-B158-4EB919DA58D4}.Debug|Any CPU.Build.0 = Debug|Any CPU
		{F466E6F0-CD3D-41F2-B158-4EB919DA58D4}.Release|Any CPU.ActiveCfg = Release|Any CPU
		{F466E6F0-CD3D-41F2-B158-4EB919DA58D4}.Release|Any CPU.Build.0 = Release|Any CPU
		{5E4EDE76-3A26-4F89-978C-6E3A7B970145}.Debug|Any CPU.ActiveCfg = Debug|Any CPU
		{5E4EDE76-3A26-4F89-978C-6E3A7B970145}.Debug|Any CPU.Build.0 = Debug|Any CPU
		{5E4EDE76-3A26-4F89-978C-6E3A7B970145}.Release|Any CPU.ActiveCfg = Release|Any CPU
		{5E4EDE76-3A26-4F89-978C-6E3A7B970145}.Release|Any CPU.Build.0 = Release|Any CPU
		{6AF8406B-5E6A-4AC3-BFD2-0B9C34AD0CB1}.Debug|Any CPU.ActiveCfg = Debug|Any CPU
		{6AF8406B-5E6A-4AC3-BFD2-0B9C34AD0CB1}.Debug|Any CPU.Build.0 = Debug|Any CPU
		{6AF8406B-5E6A-4AC3-BFD2-0B9C34AD0CB1}.Release|Any CPU.ActiveCfg = Release|Any CPU
		{6AF8406B-5E6A-4AC3-BFD2-0B9C34AD0CB1}.Release|Any CPU.Build.0 = Release|Any CPU
		{0A89C5A3-566B-432C-A822-FF1307C09699}.Debug|Any CPU.ActiveCfg = Debug|Any CPU
		{0A89C5A3-566B-432C-A822-FF1307C09699}.Debug|Any CPU.Build.0 = Debug|Any CPU
		{0A89C5A3-566B-432C-A822-FF1307C09699}.Release|Any CPU.ActiveCfg = Release|Any CPU
		{0A89C5A3-566B-432C-A822-FF1307C09699}.Release|Any CPU.Build.0 = Release|Any CPU
	EndGlobalSection
	GlobalSection(SolutionProperties) = preSolution
		HideSolutionNode = FALSE
	EndGlobalSection
	GlobalSection(ExtensibilityGlobals) = postSolution
		SolutionGuid = {0948918C-C22E-4FC5-BB28-36BF794CC23A}
	EndGlobalSection
EndGlobal
